
Microsoft Visual Studio Solution File, Format Version 12.00
Project("{FAE04EC0-301F-11D3-BF4B-00C04F79EFBC}") = "Dfe.Spi.UkrlpAdapter.Functions", "Dfe.Spi.UkrlpAdapter.Functions\Dfe.Spi.UkrlpAdapter.Functions.csproj", "{E056420D-91CA-4063-AE32-54A36C6FA5F4}"
EndProject
Project("{FAE04EC0-301F-11D3-BF4B-00C04F79EFBC}") = "Dfe.Spi.UkrlpAdapter.Domain", "Dfe.Spi.UkrlpAdapter.Domain\Dfe.Spi.UkrlpAdapter.Domain.csproj", "{FC0BCA4D-5680-4E6A-9DFE-18236F985755}"
EndProject
Project("{FAE04EC0-301F-11D3-BF4B-00C04F79EFBC}") = "Dfe.Spi.UkrlpAdapter.Application", "Dfe.Spi.UkrlpAdapter.Application\Dfe.Spi.UkrlpAdapter.Application.csproj", "{D883C61A-3BE8-4E4C-BB1A-5FA1A0806DC4}"
EndProject
Project("{FAE04EC0-301F-11D3-BF4B-00C04F79EFBC}") = "Dfe.Spi.UkrlpAdapter.Infrastructure.InProcMapping", "Dfe.Spi.UkrlpAdapter.Infrastructure.InProcMapping\Dfe.Spi.UkrlpAdapter.Infrastructure.InProcMapping.csproj", "{0D4959F2-BEA4-45F5-BA43-EC17ADB110C0}"
EndProject
Project("{FAE04EC0-301F-11D3-BF4B-00C04F79EFBC}") = "Dfe.Spi.UkrlpAdapter.Infrastructure.UkrlpSoapApi", "Dfe.Spi.UkrlpAdapter.Infrastructure.UkrlpSoapApi\Dfe.Spi.UkrlpAdapter.Infrastructure.UkrlpSoapApi.csproj", "{9E5E9956-9916-41DC-A519-8502805AA4EA}"
EndProject
Project("{2150E333-8FDC-42A3-9474-1A3956D46DE8}") = "Tests", "Tests", "{218E79C1-3D41-493C-8B11-E8CD636F2FC4}"
EndProject
Project("{FAE04EC0-301F-11D3-BF4B-00C04F79EFBC}") = "Dfe.Spi.UkrlpAdapter.Infrastructure.InProcMapping.UnitTests", "Dfe.Spi.UkrlpAdapter.Infrastructure.InProcMapping.UnitTests\Dfe.Spi.UkrlpAdapter.Infrastructure.InProcMapping.UnitTests.csproj", "{71839C5E-C830-4DF7-B18C-A2E58EB188DC}"
EndProject
Project("{FAE04EC0-301F-11D3-BF4B-00C04F79EFBC}") = "Dfe.Spi.UkrlpAdapter.Application.UnitTests", "Dfe.Spi.UkrlpAdapter.Application.UnitTests\Dfe.Spi.UkrlpAdapter.Application.UnitTests.csproj", "{F82422CD-ED5F-48FE-B3B3-8E71F4738A25}"
EndProject
Project("{FAE04EC0-301F-11D3-BF4B-00C04F79EFBC}") = "Dfe.Spi.UkrlpAdapter.Functions.UnitTests", "Dfe.Spi.UkrlpAdapter.Functions.UnitTests\Dfe.Spi.UkrlpAdapter.Functions.UnitTests.csproj", "{3A0EF77B-45BF-4ABD-8F2C-710ED85B7FB8}"
EndProject
Project("{FAE04EC0-301F-11D3-BF4B-00C04F79EFBC}") = "Dfe.Spi.UkrlpAdapter.Infrastructure.UkrlpSoapApi.UnitTests", "Dfe.Spi.UkrlpAdapter.Infrastructure.UkrlpSoapApi.UnitTests\Dfe.Spi.UkrlpAdapter.Infrastructure.UkrlpSoapApi.UnitTests.csproj", "{74AA5183-ECB4-425F-8E55-6A9FB206D738}"
EndProject
Project("{2150E333-8FDC-42A3-9474-1A3956D46DE8}") = "Deploy", "Deploy", "{51B9FBD4-CD29-47C6-990C-36911222CAC4}"
EndProject
Project("{2150E333-8FDC-42A3-9474-1A3956D46DE8}") = "Build", "Build", "{E9DC6236-1A3E-4E9E-AB89-52E17AD4AC71}"
ProjectSection(SolutionItems) = preProject
	..\pipelines\build.yml = ..\pipelines\build.yml
EndProjectSection
EndProject
Project("{2150E333-8FDC-42A3-9474-1A3956D46DE8}") = "Release", "Release", "{1BC75CD7-FB9C-44F6-889D-4F6F06D632A3}"
ProjectSection(SolutionItems) = preProject
	..\azure\template.json = ..\azure\template.json
EndProjectSection
EndProject
Project("{FAE04EC0-301F-11D3-BF4B-00C04F79EFBC}") = "Dfe.Spi.UkrlpAdapter.Infrastructure.AzureStorage", "Dfe.Spi.UkrlpAdapter.Infrastructure.AzureStorage\Dfe.Spi.UkrlpAdapter.Infrastructure.AzureStorage.csproj", "{8E90C452-ADB9-4481-BEDD-22F0E21E2E9D}"
EndProject
Global
	GlobalSection(SolutionConfigurationPlatforms) = preSolution
		Debug|Any CPU = Debug|Any CPU
		Release|Any CPU = Release|Any CPU
	EndGlobalSection
	GlobalSection(ProjectConfigurationPlatforms) = postSolution
		{E056420D-91CA-4063-AE32-54A36C6FA5F4}.Debug|Any CPU.ActiveCfg = Debug|Any CPU
		{E056420D-91CA-4063-AE32-54A36C6FA5F4}.Debug|Any CPU.Build.0 = Debug|Any CPU
		{E056420D-91CA-4063-AE32-54A36C6FA5F4}.Release|Any CPU.ActiveCfg = Release|Any CPU
		{E056420D-91CA-4063-AE32-54A36C6FA5F4}.Release|Any CPU.Build.0 = Release|Any CPU
		{FC0BCA4D-5680-4E6A-9DFE-18236F985755}.Debug|Any CPU.ActiveCfg = Debug|Any CPU
		{FC0BCA4D-5680-4E6A-9DFE-18236F985755}.Debug|Any CPU.Build.0 = Debug|Any CPU
		{FC0BCA4D-5680-4E6A-9DFE-18236F985755}.Release|Any CPU.ActiveCfg = Release|Any CPU
		{FC0BCA4D-5680-4E6A-9DFE-18236F985755}.Release|Any CPU.Build.0 = Release|Any CPU
		{D883C61A-3BE8-4E4C-BB1A-5FA1A0806DC4}.Debug|Any CPU.ActiveCfg = Debug|Any CPU
		{D883C61A-3BE8-4E4C-BB1A-5FA1A0806DC4}.Debug|Any CPU.Build.0 = Debug|Any CPU
		{D883C61A-3BE8-4E4C-BB1A-5FA1A0806DC4}.Release|Any CPU.ActiveCfg = Release|Any CPU
		{D883C61A-3BE8-4E4C-BB1A-5FA1A0806DC4}.Release|Any CPU.Build.0 = Release|Any CPU
		{0D4959F2-BEA4-45F5-BA43-EC17ADB110C0}.Debug|Any CPU.ActiveCfg = Debug|Any CPU
		{0D4959F2-BEA4-45F5-BA43-EC17ADB110C0}.Debug|Any CPU.Build.0 = Debug|Any CPU
		{0D4959F2-BEA4-45F5-BA43-EC17ADB110C0}.Release|Any CPU.ActiveCfg = Release|Any CPU
		{0D4959F2-BEA4-45F5-BA43-EC17ADB110C0}.Release|Any CPU.Build.0 = Release|Any CPU
		{9E5E9956-9916-41DC-A519-8502805AA4EA}.Debug|Any CPU.ActiveCfg = Debug|Any CPU
		{9E5E9956-9916-41DC-A519-8502805AA4EA}.Debug|Any CPU.Build.0 = Debug|Any CPU
		{9E5E9956-9916-41DC-A519-8502805AA4EA}.Release|Any CPU.ActiveCfg = Release|Any CPU
		{9E5E9956-9916-41DC-A519-8502805AA4EA}.Release|Any CPU.Build.0 = Release|Any CPU
		{71839C5E-C830-4DF7-B18C-A2E58EB188DC}.Debug|Any CPU.ActiveCfg = Debug|Any CPU
		{71839C5E-C830-4DF7-B18C-A2E58EB188DC}.Debug|Any CPU.Build.0 = Debug|Any CPU
		{71839C5E-C830-4DF7-B18C-A2E58EB188DC}.Release|Any CPU.ActiveCfg = Release|Any CPU
		{71839C5E-C830-4DF7-B18C-A2E58EB188DC}.Release|Any CPU.Build.0 = Release|Any CPU
		{F82422CD-ED5F-48FE-B3B3-8E71F4738A25}.Debug|Any CPU.ActiveCfg = Debug|Any CPU
		{F82422CD-ED5F-48FE-B3B3-8E71F4738A25}.Debug|Any CPU.Build.0 = Debug|Any CPU
		{F82422CD-ED5F-48FE-B3B3-8E71F4738A25}.Release|Any CPU.ActiveCfg = Release|Any CPU
		{F82422CD-ED5F-48FE-B3B3-8E71F4738A25}.Release|Any CPU.Build.0 = Release|Any CPU
		{3A0EF77B-45BF-4ABD-8F2C-710ED85B7FB8}.Debug|Any CPU.ActiveCfg = Debug|Any CPU
		{3A0EF77B-45BF-4ABD-8F2C-710ED85B7FB8}.Debug|Any CPU.Build.0 = Debug|Any CPU
		{3A0EF77B-45BF-4ABD-8F2C-710ED85B7FB8}.Release|Any CPU.ActiveCfg = Release|Any CPU
		{3A0EF77B-45BF-4ABD-8F2C-710ED85B7FB8}.Release|Any CPU.Build.0 = Release|Any CPU
		{74AA5183-ECB4-425F-8E55-6A9FB206D738}.Debug|Any CPU.ActiveCfg = Debug|Any CPU
		{74AA5183-ECB4-425F-8E55-6A9FB206D738}.Debug|Any CPU.Build.0 = Debug|Any CPU
		{74AA5183-ECB4-425F-8E55-6A9FB206D738}.Release|Any CPU.ActiveCfg = Release|Any CPU
		{74AA5183-ECB4-425F-8E55-6A9FB206D738}.Release|Any CPU.Build.0 = Release|Any CPU
		{8E90C452-ADB9-4481-BEDD-22F0E21E2E9D}.Debug|Any CPU.ActiveCfg = Debug|Any CPU
		{8E90C452-ADB9-4481-BEDD-22F0E21E2E9D}.Debug|Any CPU.Build.0 = Debug|Any CPU
		{8E90C452-ADB9-4481-BEDD-22F0E21E2E9D}.Release|Any CPU.ActiveCfg = Release|Any CPU
		{8E90C452-ADB9-4481-BEDD-22F0E21E2E9D}.Release|Any CPU.Build.0 = Release|Any CPU
	EndGlobalSection
	GlobalSection(NestedProjects) = preSolution
		{71839C5E-C830-4DF7-B18C-A2E58EB188DC} = {218E79C1-3D41-493C-8B11-E8CD636F2FC4}
		{F82422CD-ED5F-48FE-B3B3-8E71F4738A25} = {218E79C1-3D41-493C-8B11-E8CD636F2FC4}
		{3A0EF77B-45BF-4ABD-8F2C-710ED85B7FB8} = {218E79C1-3D41-493C-8B11-E8CD636F2FC4}
		{74AA5183-ECB4-425F-8E55-6A9FB206D738} = {218E79C1-3D41-493C-8B11-E8CD636F2FC4}
		{E9DC6236-1A3E-4E9E-AB89-52E17AD4AC71} = {51B9FBD4-CD29-47C6-990C-36911222CAC4}
		{1BC75CD7-FB9C-44F6-889D-4F6F06D632A3} = {51B9FBD4-CD29-47C6-990C-36911222CAC4}
	EndGlobalSection
EndGlobal
